{
  "name": "open-transcribe",
  "version": "1.2.1",
  "lockfileVersion": 3,
  "requires": true,
  "packages": {
    "": {
      "name": "open-transcribe",
      "version": "1.2.1",
      "hasInstallScript": true,
      "license": "MIT",
      "os": [
        "linux",
        "win32",
        "darwin"
      ],
      "bin": {
        "open-transcribe": "bin/open-transcribe"
      },
      "devDependencies": {},
      "engines": {
        "node": ">=14.0.0",
        "npm": ">=6.0.0"
      }
    }
  }
}
